
Microsoft Visual Studio Solution File, Format Version 12.00
# Visual Studio Version 16
VisualStudioVersion = 16.0.31005.135
MinimumVisualStudioVersion = 10.0.40219.1
Project("{FAE04EC0-301F-11D3-BF4B-00C04F79EFBC}") = "Abalon", "Abalon\Abalon.csproj", "{6F3A765A-9FE1-444A-AC28-B91D1B5BE4F2}"
EndProject
Global
	GlobalSection(SolutionConfigurationPlatforms) = preSolution
		Debug|Any CPU = Debug|Any CPU
		Release|Any CPU = Release|Any CPU
	EndGlobalSection
	GlobalSection(ProjectConfigurationPlatforms) = postSolution
		{6F3A765A-9FE1-444A-AC28-B91D1B5BE4F2}.Debug|Any CPU.ActiveCfg = Debug|Any CPU
		{6F3A765A-9FE1-444A-AC28-B91D1B5BE4F2}.Debug|Any CPU.Build.0 = Debug|Any CPU
		{6F3A765A-9FE1-444A-AC28-B91D1B5BE4F2}.Release|Any CPU.ActiveCfg = Release|Any CPU
		{6F3A765A-9FE1-444A-AC28-B91D1B5BE4F2}.Release|Any CPU.Build.0 = Release|Any CPU
	EndGlobalSection
	GlobalSection(SolutionProperties) = preSolution
		HideSolutionNode = FALSE
	EndGlobalSection
	GlobalSection(ExtensibilityGlobals) = postSolution
		SolutionGuid = {DF9692EE-03FD-411B-8735-4F431EB96234}
	EndGlobalSection
EndGlobal
